# This file is autogenerated, do not edit; changes may be undone by the next 'dep ensure'.


[[projects]]
  branch = "master"
  name = "github.com/afex/hystrix-go"
  packages = ["hystrix","hystrix/metric_collector","hystrix/rolling"]
  revision = "f118cd938f786d24f46cc307981d8f63b7951020"

[[projects]]
  name = "github.com/cactus/go-statsd-client"
  packages = ["statsd"]
  revision = "91c326c3f7bd20f0226d3d1c289dd9f8ce28d33d"
  version = "v3.1.0"

[[projects]]
  name = "github.com/cenk/backoff"
  packages = ["."]
  revision = "61153c768f31ee5f130071d08fc82b85208528de"
  version = "v1.1.0"

[[projects]]
  branch = "master"
  name = "github.com/facebookgo/clock"
  packages = ["."]
  revision = "600d898af40aa09a7a93ecb9265d87b0504b6f03"

[[projects]]
  branch = "master"
  name = "github.com/iand/circuit"
  packages = ["."]
  revision = "2e03e581ff447f6b88cb17aaf0386e0162257078"

[[projects]]
  branch = "master"
  name = "github.com/rubyist/circuitbreaker"
  packages = ["."]
  revision = "2074adba5ddc7d5f7559448a9c3066573521c5bf"

[[projects]]
  name = "github.com/sony/gobreaker"
  packages = ["."]
  revision = "e9556a45379ef1da12e54847edb2fb3d7d566f36"
  version = "0.3.0"

[[projects]]
  branch = "master"
  name = "github.com/streadway/handy"
  packages = ["breaker"]
  revision = "f450267a206e480d863d2a92846a40f6e2896b2a"

[[projects]]
  branch = "master"
  name = "golang.org/x/net"
  packages = ["context"]
  revision = "5ccada7d0a7ba9aeb5d3aca8d3501b4c2a509fec"

[solve-meta]
  analyzer-name = "dep"
  analyzer-version = 1
  inputs-digest = "85f51ccc912bcec42a8f25a8ae03a873844142a49a31372c53b0ace1bb8b2530"
  solver-name = "gps-cdcl"
  solver-version = 1
