# This file is autogenerated, do not edit; changes may be undone by the next 'dep ensure'.


[[projects]]
  branch = "master"
  digest = "1:e307126636dff23d73e1aa30f6cb117ce76f493548c62ff0e7633f903c9172aa"
  name = "github.com/afex/hystrix-go"
  packages = [
    "hystrix",
    "hystrix/metric_collector",
    "hystrix/rolling",
  ]
  pruneopts = "NUT"
  revision = "fa1af6a1f4f56e0e50d427fe901cd604d8c6fb8a"

[[projects]]
  digest = "1:a1e402c0a7eb4122cb9e4c3dcd1aa20bb238767ea1a857cc5d245f05c0cd5b3c"
  name = "github.com/cactus/go-statsd-client"
  packages = ["statsd"]
  pruneopts = "NUT"
  revision = "138b925ccdf617776955904ba7759fce64406cec"
  version = "v3.1.1"

[[projects]]
  digest = "1:cdee563173093e5ae7ab2a19c298e0904129719e1919a3c532b7bb0c3398b818"
  name = "github.com/cenk/backoff"
  packages = ["."]
  pruneopts = "NUT"
  revision = "1e4cf3da559842a91afcb6ea6141451e6c30c618"
  version = "v2.1.1"

[[projects]]
  branch = "master"
  digest = "1:b29ac3fe6b4601f89b589337c584ab7204a5c72932465e5f4a16772b5560b4a7"
  name = "github.com/facebookgo/clock"
  packages = ["."]
  pruneopts = "NUT"
  revision = "600d898af40aa09a7a93ecb9265d87b0504b6f03"

[[projects]]
  branch = "master"
  digest = "1:27c25323884e08d9d2d97a58bbb30dee913d3dec094bcdee930199450d1478a5"
  name = "github.com/iand/circuit"
  packages = ["."]
  pruneopts = "NUT"
  revision = "2e03e581ff447f6b88cb17aaf0386e0162257078"

[[projects]]
  digest = "1:9210f8aba2a7991109c7ac03f6204900068ab745c8f0e16932e8995273c50d88"
  name = "github.com/rubyist/circuitbreaker"
  packages = ["."]
  pruneopts = "NUT"
  revision = "2074adba5ddc7d5f7559448a9c3066573521c5bf"
  version = "v2.2.1"

[[projects]]
  digest = "1:0ef3b30a46f94ff0b94f79f3f535260816f80d8dc4fb3ddde574d6dedb002bbf"
  name = "github.com/sony/gobreaker"
  packages = ["."]
  pruneopts = "NUT"
  revision = "b2a34562d02c4d5fd6645399c69e00141fb24e5a"
  version = "0.4.0"

[[projects]]
  branch = "master"
  digest = "1:9e62a30b87f7d0a8912ce519883fc5d313a24f3dc762b43c936494f2350a06d5"
  name = "github.com/streadway/handy"
  packages = ["breaker"]
  pruneopts = "NUT"
  revision = "d5acb3125c2a6654d2d691e6851674a645333da1"

[solve-meta]
  analyzer-name = "dep"
  analyzer-version = 1
  input-imports = [
    "github.com/afex/hystrix-go/hystrix",
    "github.com/cactus/go-statsd-client/statsd",
    "github.com/iand/circuit",
    "github.com/rubyist/circuitbreaker",
    "github.com/sony/gobreaker",
    "github.com/streadway/handy/breaker",
  ]
  solver-name = "gps-cdcl"
  solver-version = 1
